
Microsoft Visual Studio Solution File, Format Version 12.00
# Visual Studio 2012
Project("{FAE04EC0-301F-11D3-BF4B-00C04F79EFBC}") = "PizzaholicsPrototype", "PizzaholicsPrototype\PizzaholicsPrototype.csproj", "{FDFC3457-C9C3-44AF-99F5-E45FA597FE77}"
EndProject
Project("{FAE04EC0-301F-11D3-BF4B-00C04F79EFBC}") = "PizzaholicsPrototype.Tests", "PizzaholicsPrototype.Tests\PizzaholicsPrototype.Tests.csproj", "{68624555-D314-45D7-A8BB-B6132C1102D9}"
EndProject
Global
	GlobalSection(SolutionConfigurationPlatforms) = preSolution
		Debug|Any CPU = Debug|Any CPU
		Release|Any CPU = Release|Any CPU
	EndGlobalSection
	GlobalSection(ProjectConfigurationPlatforms) = postSolution
		{FDFC3457-C9C3-44AF-99F5-E45FA597FE77}.Debug|Any CPU.ActiveCfg = Debug|Any CPU
		{FDFC3457-C9C3-44AF-99F5-E45FA597FE77}.Debug|Any CPU.Build.0 = Debug|Any CPU
		{FDFC3457-C9C3-44AF-99F5-E45FA597FE77}.Release|Any CPU.ActiveCfg = Release|Any CPU
		{FDFC3457-C9C3-44AF-99F5-E45FA597FE77}.Release|Any CPU.Build.0 = Release|Any CPU
		{68624555-D314-45D7-A8BB-B6132C1102D9}.Debug|Any CPU.ActiveCfg = Debug|Any CPU
		{68624555-D314-45D7-A8BB-B6132C1102D9}.Debug|Any CPU.Build.0 = Debug|Any CPU
		{68624555-D314-45D7-A8BB-B6132C1102D9}.Release|Any CPU.ActiveCfg = Release|Any CPU
		{68624555-D314-45D7-A8BB-B6132C1102D9}.Release|Any CPU.Build.0 = Release|Any CPU
	EndGlobalSection
	GlobalSection(SolutionProperties) = preSolution
		HideSolutionNode = FALSE
	EndGlobalSection
EndGlobal
